{
  "version": 4,
  "terraform_version": "1.3.3",
  "serial": 43,
  "lineage": "e34f1924-306f-2515-3a79-5d5dbb71eaf1",
  "outputs": {},
  "resources": [
    {
      "mode": "managed",
      "type": "scaleway_instance_ip",
      "name": "public_ip1",
      "provider": "provider[\"registry.terraform.io/scaleway/scaleway\"]",
      "instances": [
        {
          "schema_version": 0,
          "attributes": {
            "address": "51.15.237.215",
            "id": "fr-par-1/eaac2c3b-cec5-4bcf-881d-233a1ea457ce",
            "organization_id": "b90cf4f6-2921-4c23-b5b9-60a456590666",
            "project_id": "2ff177fd-3df2-472e-8021-0e3022fb7930",
            "reverse": "",
            "server_id": "",
            "tags": null,
            "timeouts": null,
            "zone": "fr-par-1"
          },
          "sensitive_attributes": [],
          "private": "eyJlMmJmYjczMC1lY2FhLTExZTYtOGY4OC0zNDM2M2JjN2M0YzAiOnsiY3JlYXRlIjo2MDAwMDAwMDAwMCwiZGVmYXVsdCI6NjAwMDAwMDAwMDAsImRlbGV0ZSI6NjAwMDAwMDAwMDAsInJlYWQiOjYwMDAwMDAwMDAwLCJ1cGRhdGUiOjYwMDAwMDAwMDAwfX0="
        }
      ]
    },
    {
      "mode": "managed",
      "type": "scaleway_instance_server",
      "name": "base",
      "provider": "provider[\"registry.terraform.io/scaleway/scaleway\"]",
      "instances": [
        {
          "index_key": 0,
          "schema_version": 0,
          "attributes": {
            "additional_volume_ids": null,
            "boot_type": "local",
            "bootscript_id": "fdfe150f-a870-4ce4-b432-9f56b5b995c1",
            "cloud_init": null,
            "enable_dynamic_ip": false,
            "enable_ipv6": false,
            "id": "fr-par-1/dd8ebfae-fc97-4038-a46b-24dc838b6454",
            "image": "ubuntu_jammy",
            "ip_id": "fr-par-1/eaac2c3b-cec5-4bcf-881d-233a1ea457ce",
            "ipv6_address": "",
            "ipv6_gateway": "",
            "ipv6_prefix_length": 0,
            "name": "Groupe9_vpc1_1",
            "organization_id": "b90cf4f6-2921-4c23-b5b9-60a456590666",
            "placement_group_id": null,
            "placement_group_policy_respected": null,
            "private_ip": "10.74.0.113",
            "private_network": [
              {
                "mac_address": "02:00:00:11:90:8f",
                "pn_id": "fr-par-1/eca21d2a-9e03-480d-aac8-b4fb9ba2b45d",
                "status": "available",
                "zone": "fr-par-1"
              }
            ],
            "project_id": "2ff177fd-3df2-472e-8021-0e3022fb7930",
            "public_ip": "51.15.237.215",
            "root_volume": [
              {
                "boot": false,
                "delete_on_termination": true,
                "name": "ubuntu_22.04_jammy:volume-0",
                "size_in_gb": 20,
                "volume_id": "fr-par-1/0ff0cf4f-ea26-4e92-85f2-50d0241d44a3",
                "volume_type": "l_ssd"
              }
            ],
            "security_group_id": "fr-par-1/8919e801-d018-4abf-8f68-7849672dea1c",
            "state": "started",
            "tags": null,
            "timeouts": null,
            "type": "DEV1-S",
            "user_data": {},
            "zone": "fr-par-1"
          },
          "sensitive_attributes": [],
          "private": "eyJlMmJmYjczMC1lY2FhLTExZTYtOGY4OC0zNDM2M2JjN2M0YzAiOnsiY3JlYXRlIjo2MDAwMDAwMDAwMDAsImRlZmF1bHQiOjYwMDAwMDAwMDAwMCwiZGVsZXRlIjo2MDAwMDAwMDAwMDAsInJlYWQiOjYwMDAwMDAwMDAwMCwidXBkYXRlIjo2MDAwMDAwMDAwMDB9fQ==",
          "dependencies": [
            "scaleway_instance_ip.public_ip1",
            "scaleway_vpc_private_network.vpc01"
          ]
        }
      ]
    },
    {
      "mode": "managed",
      "type": "scaleway_instance_server",
      "name": "web",
      "provider": "provider[\"registry.terraform.io/scaleway/scaleway\"]",
      "instances": [
        {
          "index_key": 0,
          "schema_version": 0,
          "attributes": {
            "additional_volume_ids": null,
            "boot_type": "local",
            "bootscript_id": "fdfe150f-a870-4ce4-b432-9f56b5b995c1",
            "cloud_init": null,
            "enable_dynamic_ip": false,
            "enable_ipv6": false,
            "id": "fr-par-1/2dbd2ce4-d7e7-493d-abff-ebf04cb3ee92",
            "image": "ubuntu_jammy",
            "ip_id": "",
            "ipv6_address": "",
            "ipv6_gateway": "",
            "ipv6_prefix_length": 0,
            "name": "Groupe9_vpc2_1",
            "organization_id": "b90cf4f6-2921-4c23-b5b9-60a456590666",
            "placement_group_id": null,
            "placement_group_policy_respected": null,
            "private_ip": "10.70.150.129",
            "private_network": [
              {
                "mac_address": "02:00:00:11:90:90",
                "pn_id": "fr-par-1/967dbffe-ac24-46a5-9da7-bacd97d5d514",
                "status": "available",
                "zone": "fr-par-1"
              }
            ],
            "project_id": "2ff177fd-3df2-472e-8021-0e3022fb7930",
            "public_ip": "",
            "root_volume": [
              {
                "boot": false,
                "delete_on_termination": true,
                "name": "ubuntu_22.04_jammy:volume-0",
                "size_in_gb": 20,
                "volume_id": "fr-par-1/9244a9cc-2e10-4e96-a46b-a5c52d28318a",
                "volume_type": "l_ssd"
              }
            ],
            "security_group_id": "fr-par-1/8919e801-d018-4abf-8f68-7849672dea1c",
            "state": "started",
            "tags": null,
            "timeouts": null,
            "type": "DEV1-S",
            "user_data": {},
            "zone": "fr-par-1"
          },
          "sensitive_attributes": [],
          "private": "eyJlMmJmYjczMC1lY2FhLTExZTYtOGY4OC0zNDM2M2JjN2M0YzAiOnsiY3JlYXRlIjo2MDAwMDAwMDAwMDAsImRlZmF1bHQiOjYwMDAwMDAwMDAwMCwiZGVsZXRlIjo2MDAwMDAwMDAwMDAsInJlYWQiOjYwMDAwMDAwMDAwMCwidXBkYXRlIjo2MDAwMDAwMDAwMDB9fQ==",
          "dependencies": [
            "scaleway_vpc_private_network.vpc02"
          ]
        }
      ]
    },
    {
      "mode": "managed",
      "type": "scaleway_vpc_private_network",
      "name": "vpc01",
      "provider": "provider[\"registry.terraform.io/scaleway/scaleway\"]",
      "instances": [
        {
          "schema_version": 0,
          "attributes": {
            "created_at": "2022-10-27T14:44:10Z",
            "id": "fr-par-1/eca21d2a-9e03-480d-aac8-b4fb9ba2b45d",
            "name": "private_network_instance",
            "organization_id": "b90cf4f6-2921-4c23-b5b9-60a456590666",
            "project_id": "2ff177fd-3df2-472e-8021-0e3022fb7930",
            "tags": null,
            "updated_at": "2022-10-27T14:44:10Z",
            "zone": "fr-par-1"
          },
          "sensitive_attributes": [],
          "private": "bnVsbA=="
        }
      ]
    },
    {
      "mode": "managed",
      "type": "scaleway_vpc_private_network",
      "name": "vpc02",
      "provider": "provider[\"registry.terraform.io/scaleway/scaleway\"]",
      "instances": [
        {
          "schema_version": 0,
          "attributes": {
            "created_at": "2022-10-27T14:44:10Z",
            "id": "fr-par-1/967dbffe-ac24-46a5-9da7-bacd97d5d514",
            "name": "private_network_instance",
            "organization_id": "b90cf4f6-2921-4c23-b5b9-60a456590666",
            "project_id": "2ff177fd-3df2-472e-8021-0e3022fb7930",
            "tags": null,
            "updated_at": "2022-10-27T14:44:10Z",
            "zone": "fr-par-1"
          },
          "sensitive_attributes": [],
          "private": "bnVsbA=="
        }
      ]
    }
  ],
  "check_results": []
}
